
Microsoft Visual Studio Solution File, Format Version 12.00
# Visual Studio 15
VisualStudioVersion = 15.0.27004.2008
MinimumVisualStudioVersion = 10.0.40219.1
Project("{FAE04EC0-301F-11D3-BF4B-00C04F79EFBC}") = "AspNetVS2017.Capitulo01.Variaves", "AspNetVS2017_Capitulo01_Variaves\AspNetVS2017.Capitulo01.Variaves.csproj", "{DCA1023D-D4AE-4438-AA9F-AAEB095819A9}"
EndProject
Project("{FAE04EC0-301F-11D3-BF4B-00C04F79EFBC}") = "AspNetVS2017.Capitulo01.Troco", "AspNetVS2017.Capitulo01.Troco\AspNetVS2017.Capitulo01.Troco.csproj", "{A885880F-0E40-4338-B0FC-6E76E4D24195}"
EndProject
Project("{FAE04EC0-301F-11D3-BF4B-00C04F79EFBC}") = "AspNetVS2017.Capitulo01.Fretes", "AspNetVS2017.Capitulo01.Fretes\AspNetVS2017.Capitulo01.Fretes.csproj", "{DB0C324E-96D6-4170-AAAB-72869D8BC1C7}"
EndProject
Project("{FAE04EC0-301F-11D3-BF4B-00C04F79EFBC}") = "AspNetVS2017.Capitulo1.Repeticao.Testes", "AspNetVS2017.Capitulo1.Repeticao.Testes\AspNetVS2017.Capitulo1.Repeticao.Testes.csproj", "{6CF9EDDA-88A6-4E60-96F3-DDDD64B9FE37}"
EndProject
Project("{FAE04EC0-301F-11D3-BF4B-00C04F79EFBC}") = "AspNetVS2017.Capitulo01.VetoresColecoes.Testes", "AspNetVS2017.Capitulo01.VetoresColecoes.Testes\AspNetVS2017.Capitulo01.VetoresColecoes.Testes.csproj", "{E3C6DA5B-5031-44AD-8BC9-3FA3A09BF363}"
EndProject
Project("{2150E333-8FDC-42A3-9474-1A3956D46DE8}") = "Oficina", "Oficina", "{2343EC20-A94D-4139-939C-D12E8302D116}"
EndProject
Project("{FAE04EC0-301F-11D3-BF4B-00C04F79EFBC}") = "Oficina.Dominio", "Oficina.Dominio\Oficina.Dominio.csproj", "{7B3EECC7-D737-4A85-A410-1B4D2E5A22F3}"
EndProject
Project("{FAE04EC0-301F-11D3-BF4B-00C04F79EFBC}") = "Oficina.Repositorios.SistemaArquivos", "Oficina.Repositorios.SistemaArquivos\Oficina.Repositorios.SistemaArquivos.csproj", "{C6D31A2F-05DC-4A0D-AD36-7475B7428FB8}"
EndProject
Project("{FAE04EC0-301F-11D3-BF4B-00C04F79EFBC}") = "Oficina.Repositorios.SistemaArquivosTests", "Oficina.Repositorios.SistemaArquivosTests\Oficina.Repositorios.SistemaArquivosTests.csproj", "{F222C373-BF26-4BC6-9F62-489DAB71EC3C}"
EndProject
Project("{FAE04EC0-301F-11D3-BF4B-00C04F79EFBC}") = "Oficina.WebPages", "Oficina.WebPages\Oficina.WebPages.csproj", "{A1BFD52F-5F18-4D41-8B80-81271D11ADF0}"
EndProject
Project("{FAE04EC0-301F-11D3-BF4B-00C04F79EFBC}") = "AspNetVS2017.Capitulo02.Http.Testes", "AspNetVS2017.Capitulo02.Http.Testes\AspNetVS2017.Capitulo02.Http.Testes.csproj", "{03A2F947-DC7F-4887-9A30-E91B392EC0D1}"
EndProject
Global
	GlobalSection(SolutionConfigurationPlatforms) = preSolution
		Debug|Any CPU = Debug|Any CPU
		Release|Any CPU = Release|Any CPU
	EndGlobalSection
	GlobalSection(ProjectConfigurationPlatforms) = postSolution
		{DCA1023D-D4AE-4438-AA9F-AAEB095819A9}.Debug|Any CPU.ActiveCfg = Debug|Any CPU
		{DCA1023D-D4AE-4438-AA9F-AAEB095819A9}.Debug|Any CPU.Build.0 = Debug|Any CPU
		{DCA1023D-D4AE-4438-AA9F-AAEB095819A9}.Release|Any CPU.ActiveCfg = Release|Any CPU
		{DCA1023D-D4AE-4438-AA9F-AAEB095819A9}.Release|Any CPU.Build.0 = Release|Any CPU
		{A885880F-0E40-4338-B0FC-6E76E4D24195}.Debug|Any CPU.ActiveCfg = Debug|Any CPU
		{A885880F-0E40-4338-B0FC-6E76E4D24195}.Debug|Any CPU.Build.0 = Debug|Any CPU
		{A885880F-0E40-4338-B0FC-6E76E4D24195}.Release|Any CPU.ActiveCfg = Release|Any CPU
		{A885880F-0E40-4338-B0FC-6E76E4D24195}.Release|Any CPU.Build.0 = Release|Any CPU
		{DB0C324E-96D6-4170-AAAB-72869D8BC1C7}.Debug|Any CPU.ActiveCfg = Debug|Any CPU
		{DB0C324E-96D6-4170-AAAB-72869D8BC1C7}.Debug|Any CPU.Build.0 = Debug|Any CPU
		{DB0C324E-96D6-4170-AAAB-72869D8BC1C7}.Release|Any CPU.ActiveCfg = Release|Any CPU
		{DB0C324E-96D6-4170-AAAB-72869D8BC1C7}.Release|Any CPU.Build.0 = Release|Any CPU
		{6CF9EDDA-88A6-4E60-96F3-DDDD64B9FE37}.Debug|Any CPU.ActiveCfg = Debug|Any CPU
		{6CF9EDDA-88A6-4E60-96F3-DDDD64B9FE37}.Debug|Any CPU.Build.0 = Debug|Any CPU
		{6CF9EDDA-88A6-4E60-96F3-DDDD64B9FE37}.Release|Any CPU.ActiveCfg = Release|Any CPU
		{6CF9EDDA-88A6-4E60-96F3-DDDD64B9FE37}.Release|Any CPU.Build.0 = Release|Any CPU
		{E3C6DA5B-5031-44AD-8BC9-3FA3A09BF363}.Debug|Any CPU.ActiveCfg = Debug|Any CPU
		{E3C6DA5B-5031-44AD-8BC9-3FA3A09BF363}.Debug|Any CPU.Build.0 = Debug|Any CPU
		{E3C6DA5B-5031-44AD-8BC9-3FA3A09BF363}.Release|Any CPU.ActiveCfg = Release|Any CPU
		{E3C6DA5B-5031-44AD-8BC9-3FA3A09BF363}.Release|Any CPU.Build.0 = Release|Any CPU
		{7B3EECC7-D737-4A85-A410-1B4D2E5A22F3}.Debug|Any CPU.ActiveCfg = Debug|Any CPU
		{7B3EECC7-D737-4A85-A410-1B4D2E5A22F3}.Debug|Any CPU.Build.0 = Debug|Any CPU
		{7B3EECC7-D737-4A85-A410-1B4D2E5A22F3}.Release|Any CPU.ActiveCfg = Release|Any CPU
		{7B3EECC7-D737-4A85-A410-1B4D2E5A22F3}.Release|Any CPU.Build.0 = Release|Any CPU
		{C6D31A2F-05DC-4A0D-AD36-7475B7428FB8}.Debug|Any CPU.ActiveCfg = Debug|Any CPU
		{C6D31A2F-05DC-4A0D-AD36-7475B7428FB8}.Debug|Any CPU.Build.0 = Debug|Any CPU
		{C6D31A2F-05DC-4A0D-AD36-7475B7428FB8}.Release|Any CPU.ActiveCfg = Release|Any CPU
		{C6D31A2F-05DC-4A0D-AD36-7475B7428FB8}.Release|Any CPU.Build.0 = Release|Any CPU
		{F222C373-BF26-4BC6-9F62-489DAB71EC3C}.Debug|Any CPU.ActiveCfg = Debug|Any CPU
		{F222C373-BF26-4BC6-9F62-489DAB71EC3C}.Debug|Any CPU.Build.0 = Debug|Any CPU
		{F222C373-BF26-4BC6-9F62-489DAB71EC3C}.Release|Any CPU.ActiveCfg = Release|Any CPU
		{F222C373-BF26-4BC6-9F62-489DAB71EC3C}.Release|Any CPU.Build.0 = Release|Any CPU
		{A1BFD52F-5F18-4D41-8B80-81271D11ADF0}.Debug|Any CPU.ActiveCfg = Debug|Any CPU
		{A1BFD52F-5F18-4D41-8B80-81271D11ADF0}.Debug|Any CPU.Build.0 = Debug|Any CPU
		{A1BFD52F-5F18-4D41-8B80-81271D11ADF0}.Release|Any CPU.ActiveCfg = Release|Any CPU
		{A1BFD52F-5F18-4D41-8B80-81271D11ADF0}.Release|Any CPU.Build.0 = Release|Any CPU
		{03A2F947-DC7F-4887-9A30-E91B392EC0D1}.Debug|Any CPU.ActiveCfg = Debug|Any CPU
		{03A2F947-DC7F-4887-9A30-E91B392EC0D1}.Debug|Any CPU.Build.0 = Debug|Any CPU
		{03A2F947-DC7F-4887-9A30-E91B392EC0D1}.Release|Any CPU.ActiveCfg = Release|Any CPU
		{03A2F947-DC7F-4887-9A30-E91B392EC0D1}.Release|Any CPU.Build.0 = Release|Any CPU
	EndGlobalSection
	GlobalSection(SolutionProperties) = preSolution
		HideSolutionNode = FALSE
	EndGlobalSection
	GlobalSection(NestedProjects) = preSolution
		{7B3EECC7-D737-4A85-A410-1B4D2E5A22F3} = {2343EC20-A94D-4139-939C-D12E8302D116}
		{C6D31A2F-05DC-4A0D-AD36-7475B7428FB8} = {2343EC20-A94D-4139-939C-D12E8302D116}
		{F222C373-BF26-4BC6-9F62-489DAB71EC3C} = {2343EC20-A94D-4139-939C-D12E8302D116}
		{A1BFD52F-5F18-4D41-8B80-81271D11ADF0} = {2343EC20-A94D-4139-939C-D12E8302D116}
	EndGlobalSection
	GlobalSection(ExtensibilityGlobals) = postSolution
		SolutionGuid = {DB5EA4FF-D170-499D-80F8-53EE74F5D089}
	EndGlobalSection
EndGlobal
